
Microsoft Visual Studio Solution File, Format Version 12.00
# Visual Studio Version 16
VisualStudioVersion = 16.0.31911.196
MinimumVisualStudioVersion = 10.0.40219.1
Project("{FAE04EC0-301F-11D3-BF4B-00C04F79EFBC}") = "APICurso", "APICurso\APICurso.csproj", "{37DEF2E6-4590-4AC9-8E71-4C40DD3B52AB}"
EndProject
Global
	GlobalSection(SolutionConfigurationPlatforms) = preSolution
		Debug|Any CPU = Debug|Any CPU
		Release|Any CPU = Release|Any CPU
	EndGlobalSection
	GlobalSection(ProjectConfigurationPlatforms) = postSolution
		{37DEF2E6-4590-4AC9-8E71-4C40DD3B52AB}.Debug|Any CPU.ActiveCfg = Debug|Any CPU
		{37DEF2E6-4590-4AC9-8E71-4C40DD3B52AB}.Debug|Any CPU.Build.0 = Debug|Any CPU
		{37DEF2E6-4590-4AC9-8E71-4C40DD3B52AB}.Release|Any CPU.ActiveCfg = Release|Any CPU
		{37DEF2E6-4590-4AC9-8E71-4C40DD3B52AB}.Release|Any CPU.Build.0 = Release|Any CPU
	EndGlobalSection
	GlobalSection(SolutionProperties) = preSolution
		HideSolutionNode = FALSE
	EndGlobalSection
	GlobalSection(ExtensibilityGlobals) = postSolution
		SolutionGuid = {C07CBCF7-7FCD-4CBA-8E6A-E2B4D9D02579}
	EndGlobalSection
EndGlobal
